
Microsoft Visual Studio Solution File, Format Version 12.00
# Visual Studio Version 16
VisualStudioVersion = 16.0.30114.105
MinimumVisualStudioVersion = 10.0.40219.1
Project("{FAE04EC0-301F-11D3-BF4B-00C04F79EFBC}") = "Security", "Security\Security.csproj", "{E19FC008-B156-40B6-AECF-728AF345829A}"
EndProject
Project("{FAE04EC0-301F-11D3-BF4B-00C04F79EFBC}") = "SecurityDemoApi", "SecurityDemoApi\SecurityDemoApi.csproj", "{D6797BE0-63D8-454E-8B47-3008D1936D45}"
EndProject
Project("{FAE04EC0-301F-11D3-BF4B-00C04F79EFBC}") = "SecurityClient", "SecurityClient\SecurityClient.csproj", "{85AD5D2E-0F0E-4F22-A5EC-DA0D9E78071F}"
EndProject
Global
	GlobalSection(SolutionConfigurationPlatforms) = preSolution
		Debug|Any CPU = Debug|Any CPU
		Release|Any CPU = Release|Any CPU
	EndGlobalSection
	GlobalSection(SolutionProperties) = preSolution
		HideSolutionNode = FALSE
	EndGlobalSection
	GlobalSection(ProjectConfigurationPlatforms) = postSolution
		{E19FC008-B156-40B6-AECF-728AF345829A}.Debug|Any CPU.ActiveCfg = Debug|Any CPU
		{E19FC008-B156-40B6-AECF-728AF345829A}.Debug|Any CPU.Build.0 = Debug|Any CPU
		{E19FC008-B156-40B6-AECF-728AF345829A}.Release|Any CPU.ActiveCfg = Release|Any CPU
		{E19FC008-B156-40B6-AECF-728AF345829A}.Release|Any CPU.Build.0 = Release|Any CPU
		{D6797BE0-63D8-454E-8B47-3008D1936D45}.Debug|Any CPU.ActiveCfg = Debug|Any CPU
		{D6797BE0-63D8-454E-8B47-3008D1936D45}.Debug|Any CPU.Build.0 = Debug|Any CPU
		{D6797BE0-63D8-454E-8B47-3008D1936D45}.Release|Any CPU.ActiveCfg = Release|Any CPU
		{D6797BE0-63D8-454E-8B47-3008D1936D45}.Release|Any CPU.Build.0 = Release|Any CPU
		{85AD5D2E-0F0E-4F22-A5EC-DA0D9E78071F}.Debug|Any CPU.ActiveCfg = Debug|Any CPU
		{85AD5D2E-0F0E-4F22-A5EC-DA0D9E78071F}.Debug|Any CPU.Build.0 = Debug|Any CPU
		{85AD5D2E-0F0E-4F22-A5EC-DA0D9E78071F}.Release|Any CPU.ActiveCfg = Release|Any CPU
		{85AD5D2E-0F0E-4F22-A5EC-DA0D9E78071F}.Release|Any CPU.Build.0 = Release|Any CPU
	EndGlobalSection
EndGlobal
